
Microsoft Visual Studio Solution File, Format Version 12.00
# Visual Studio 15
VisualStudioVersion = 15.0.27004.2010
MinimumVisualStudioVersion = 10.0.40219.1
Project("{FAE04EC0-301F-11D3-BF4B-00C04F79EFBC}") = "ContosoEF", "ContosoEF\ContosoEF.csproj", "{22DB5CD8-CA92-491B-B600-70C314060536}"
EndProject
Project("{FAE04EC0-301F-11D3-BF4B-00C04F79EFBC}") = "ContosoEF.Tests", "ContosoEF.Tests\ContosoEF.Tests.csproj", "{7D2E5B0E-BD21-4AB7-9BD4-6814C13C9067}"
EndProject
Project("{FAE04EC0-301F-11D3-BF4B-00C04F79EFBC}") = "Contoso.Data", "Contoso.Data\Contoso.Data.csproj", "{45DFD51A-E5B5-409A-8763-5D4803FF85F4}"
EndProject
Project("{FAE04EC0-301F-11D3-BF4B-00C04F79EFBC}") = "Contoso.Model", "Contoso.Model\Contoso.Model.csproj", "{82B6B53C-5204-4E52-AE52-47067D1542CD}"
EndProject
Project("{FAE04EC0-301F-11D3-BF4B-00C04F79EFBC}") = "Contoso.Service", "Contoso.Service\Contoso.Service.csproj", "{04111F3C-7869-4D91-AB69-3C48EE01FB16}"
EndProject
Global
	GlobalSection(SolutionConfigurationPlatforms) = preSolution
		Debug|Any CPU = Debug|Any CPU
		Release|Any CPU = Release|Any CPU
	EndGlobalSection
	GlobalSection(ProjectConfigurationPlatforms) = postSolution
		{22DB5CD8-CA92-491B-B600-70C314060536}.Debug|Any CPU.ActiveCfg = Debug|Any CPU
		{22DB5CD8-CA92-491B-B600-70C314060536}.Debug|Any CPU.Build.0 = Debug|Any CPU
		{22DB5CD8-CA92-491B-B600-70C314060536}.Release|Any CPU.ActiveCfg = Release|Any CPU
		{22DB5CD8-CA92-491B-B600-70C314060536}.Release|Any CPU.Build.0 = Release|Any CPU
		{7D2E5B0E-BD21-4AB7-9BD4-6814C13C9067}.Debug|Any CPU.ActiveCfg = Debug|Any CPU
		{7D2E5B0E-BD21-4AB7-9BD4-6814C13C9067}.Debug|Any CPU.Build.0 = Debug|Any CPU
		{7D2E5B0E-BD21-4AB7-9BD4-6814C13C9067}.Release|Any CPU.ActiveCfg = Release|Any CPU
		{7D2E5B0E-BD21-4AB7-9BD4-6814C13C9067}.Release|Any CPU.Build.0 = Release|Any CPU
		{45DFD51A-E5B5-409A-8763-5D4803FF85F4}.Debug|Any CPU.ActiveCfg = Debug|Any CPU
		{45DFD51A-E5B5-409A-8763-5D4803FF85F4}.Debug|Any CPU.Build.0 = Debug|Any CPU
		{45DFD51A-E5B5-409A-8763-5D4803FF85F4}.Release|Any CPU.ActiveCfg = Release|Any CPU
		{45DFD51A-E5B5-409A-8763-5D4803FF85F4}.Release|Any CPU.Build.0 = Release|Any CPU
		{82B6B53C-5204-4E52-AE52-47067D1542CD}.Debug|Any CPU.ActiveCfg = Debug|Any CPU
		{82B6B53C-5204-4E52-AE52-47067D1542CD}.Debug|Any CPU.Build.0 = Debug|Any CPU
		{82B6B53C-5204-4E52-AE52-47067D1542CD}.Release|Any CPU.ActiveCfg = Release|Any CPU
		{82B6B53C-5204-4E52-AE52-47067D1542CD}.Release|Any CPU.Build.0 = Release|Any CPU
		{04111F3C-7869-4D91-AB69-3C48EE01FB16}.Debug|Any CPU.ActiveCfg = Debug|Any CPU
		{04111F3C-7869-4D91-AB69-3C48EE01FB16}.Debug|Any CPU.Build.0 = Debug|Any CPU
		{04111F3C-7869-4D91-AB69-3C48EE01FB16}.Release|Any CPU.ActiveCfg = Release|Any CPU
		{04111F3C-7869-4D91-AB69-3C48EE01FB16}.Release|Any CPU.Build.0 = Release|Any CPU
	EndGlobalSection
	GlobalSection(SolutionProperties) = preSolution
		HideSolutionNode = FALSE
	EndGlobalSection
	GlobalSection(ExtensibilityGlobals) = postSolution
		SolutionGuid = {9EC5F427-7471-44FF-9727-C4C6879CF87E}
	EndGlobalSection
EndGlobal
